
Microsoft Visual Studio Solution File, Format Version 12.00
# Visual Studio Version 17
VisualStudioVersion = 17.3.32929.385
MinimumVisualStudioVersion = 10.0.40219.1
Project("{FAE04EC0-301F-11D3-BF4B-00C04F79EFBC}") = "Converter", "Converter\Converter.csproj", "{DED412BB-E88D-481E-BBC4-19E843A012FA}"
EndProject
Global
	GlobalSection(SolutionConfigurationPlatforms) = preSolution
		Debug|Any CPU = Debug|Any CPU
		Release|Any CPU = Release|Any CPU
	EndGlobalSection
	GlobalSection(ProjectConfigurationPlatforms) = postSolution
		{DED412BB-E88D-481E-BBC4-19E843A012FA}.Debug|Any CPU.ActiveCfg = Debug|Any CPU
		{DED412BB-E88D-481E-BBC4-19E843A012FA}.Debug|Any CPU.Build.0 = Debug|Any CPU
		{DED412BB-E88D-481E-BBC4-19E843A012FA}.Release|Any CPU.ActiveCfg = Release|Any CPU
		{DED412BB-E88D-481E-BBC4-19E843A012FA}.Release|Any CPU.Build.0 = Release|Any CPU
	EndGlobalSection
	GlobalSection(SolutionProperties) = preSolution
		HideSolutionNode = FALSE
	EndGlobalSection
	GlobalSection(ExtensibilityGlobals) = postSolution
		SolutionGuid = {D32D9C67-7EA0-4241-97F3-E2CFA30E309C}
	EndGlobalSection
EndGlobal
